
Microsoft Visual Studio Solution File, Format Version 12.00
# Visual Studio Version 16
VisualStudioVersion = 16.0.30320.27
MinimumVisualStudioVersion = 10.0.40219.1
Project("{FAE04EC0-301F-11D3-BF4B-00C04F79EFBC}") = "SalesWebMvc", "SalesWebMvc\SalesWebMvc.csproj", "{16B83BB2-F290-43FA-AF89-1FF382376D0F}"
EndProject
Global
	GlobalSection(SolutionConfigurationPlatforms) = preSolution
		Debug|Any CPU = Debug|Any CPU
		Release|Any CPU = Release|Any CPU
	EndGlobalSection
	GlobalSection(ProjectConfigurationPlatforms) = postSolution
		{16B83BB2-F290-43FA-AF89-1FF382376D0F}.Debug|Any CPU.ActiveCfg = Debug|Any CPU
		{16B83BB2-F290-43FA-AF89-1FF382376D0F}.Debug|Any CPU.Build.0 = Debug|Any CPU
		{16B83BB2-F290-43FA-AF89-1FF382376D0F}.Release|Any CPU.ActiveCfg = Release|Any CPU
		{16B83BB2-F290-43FA-AF89-1FF382376D0F}.Release|Any CPU.Build.0 = Release|Any CPU
	EndGlobalSection
	GlobalSection(SolutionProperties) = preSolution
		HideSolutionNode = FALSE
	EndGlobalSection
	GlobalSection(ExtensibilityGlobals) = postSolution
		SolutionGuid = {390208F1-DF39-461A-85E7-FBDC54482C0A}
	EndGlobalSection
EndGlobal
